// !$*UTF8*$!
{
	archiveVersion = 1;
	classes = {
	};
	objectVersion = 56;
	objects = {

/* Begin PBXBuildFile section */
		C08DD7792E884CDD002992A7 /* Localizable.strings in Resources */ = {isa = PBXBuildFile; fileRef = C08DD7772E884CDD002992A7 /* Localizable.strings */; };
		D9EA50402E881B7800C51E4F /* SimpleLoaderApp.swift in Sources */ = {isa = PBXBuildFile; fileRef = D9EA503F2E881B7800C51E4F /* SimpleLoaderApp.swift */; };
		D9EA50472E881B7900C51E4F /* Preview Assets.xcassets in Resources */ = {isa = PBXBuildFile; fileRef = D9EA50462E881B7900C51E4F /* Preview Assets.xcassets */; };
		D9EA504F2E881B9100C51E4F /* Assets.xcassets in Resources */ = {isa = PBXBuildFile; fileRef = D9EA504E2E881B9100C51E4F /* Assets.xcassets */; };
		D9EA50562E881BDB00C51E4F /* UserDefaultsManager.swift in Sources */ = {isa = PBXBuildFile; fileRef = D9EA50542E881BDB00C51E4F /* UserDefaultsManager.swift */; };
		D9EA50572E881BDB00C51E4F /* KDKMerger.swift in Sources */ = {isa = PBXBuildFile; fileRef = D9EA50552E881BDB00C51E4F /* KDKMerger.swift */; };
		D9EA50592E881BF100C51E4F /* ButtonStyles.swift in Sources */ = {isa = PBXBuildFile; fileRef = D9EA50582E881BF100C51E4F /* ButtonStyles.swift */; };
		D9EA50642E881C0600C51E4F /* StatusView.swift in Sources */ = {isa = PBXBuildFile; fileRef = D9EA505A2E881C0500C51E4F /* StatusView.swift */; };
		D9EA50652E881C0600C51E4F /* AboutView.swift in Sources */ = {isa = PBXBuildFile; fileRef = D9EA505B2E881C0500C51E4F /* AboutView.swift */; };
		D9EA50662E881C0600C51E4F /* KextSelectionView.swift in Sources */ = {isa = PBXBuildFile; fileRef = D9EA505C2E881C0500C51E4F /* KextSelectionView.swift */; };
		D9EA50672E881C0600C51E4F /* InstallationOptionsView.swift in Sources */ = {isa = PBXBuildFile; fileRef = D9EA505D2E881C0500C51E4F /* InstallationOptionsView.swift */; };
		D9EA50682E881C0600C51E4F /* ActionButtonsView.swift in Sources */ = {isa = PBXBuildFile; fileRef = D9EA505E2E881C0600C51E4F /* ActionButtonsView.swift */; };
		D9EA50692E881C0600C51E4F /* LogView.swift in Sources */ = {isa = PBXBuildFile; fileRef = D9EA505F2E881C0600C51E4F /* LogView.swift */; };
		D9EA506A2E881C0600C51E4F /* FooterView.swift in Sources */ = {isa = PBXBuildFile; fileRef = D9EA50602E881C0600C51E4F /* FooterView.swift */; };
		D9EA506B2E881C0600C51E4F /* KDKSelectionView.swift in Sources */ = {isa = PBXBuildFile; fileRef = D9EA50612E881C0600C51E4F /* KDKSelectionView.swift */; };
		D9EA506C2E881C0600C51E4F /* HeaderView.swift in Sources */ = {isa = PBXBuildFile; fileRef = D9EA50622E881C0600C51E4F /* HeaderView.swift */; };
		D9EA506D2E881C0600C51E4F /* ContentView.swift in Sources */ = {isa = PBXBuildFile; fileRef = D9EA50632E881C0600C51E4F /* ContentView.swift */; };
		D9EA507A2E881C2400C51E4F /* LocalizationHelper.swift in Sources */ = {isa = PBXBuildFile; fileRef = D9EA506F2E881C2400C51E4F /* LocalizationHelper.swift */; };
		D9EA507B2E881C2400C51E4F /* LanguageSelectionView.swift in Sources */ = {isa = PBXBuildFile; fileRef = D9EA50702E881C2400C51E4F /* LanguageSelectionView.swift */; };
		D9EA507D2E881C2400C51E4F /* LanguageManager.swift in Sources */ = {isa = PBXBuildFile; fileRef = D9EA50722E881C2400C51E4F /* LanguageManager.swift */; };
		D9EA507E2E881C2400C51E4F /* Base.lproj in Resources */ = {isa = PBXBuildFile; fileRef = D9EA50732E881C2400C51E4F /* Base.lproj */; };
/* End PBXBuildFile section */

/* Begin PBXFileReference section */
		C08DD7782E884CDD002992A7 /* en */ = {isa = PBXFileReference; lastKnownFileType = text.plist.strings; name = en; path = en.lproj/Localizable.strings; sourceTree = "<group>"; };
		C08DD77A2E884D3B002992A7 /* es */ = {isa = PBXFileReference; lastKnownFileType = text.plist.strings; name = es; path = es.lproj/Localizable.strings; sourceTree = "<group>"; };
		C08DD77B2E884D6A002992A7 /* it */ = {isa = PBXFileReference; lastKnownFileType = text.plist.strings; name = it; path = it.lproj/Localizable.strings; sourceTree = "<group>"; };
		C08DD77C2E884D8C002992A7 /* ko */ = {isa = PBXFileReference; lastKnownFileType = text.plist.strings; name = ko; path = ko.lproj/Localizable.strings; sourceTree = "<group>"; };
		C08DD77D2E884D93002992A7 /* zh-Hans */ = {isa = PBXFileReference; lastKnownFileType = text.plist.strings; name = "zh-Hans"; path = "zh-Hans.lproj/Localizable.strings"; sourceTree = "<group>"; };
		C08DD77E2E884DA3002992A7 /* pt-BR */ = {isa = PBXFileReference; lastKnownFileType = text.plist.strings; name = "pt-BR"; path = "pt-BR.lproj/Localizable.strings"; sourceTree = "<group>"; };
		D9EA503C2E881B7800C51E4F /* SimpleLoader.app */ = {isa = PBXFileReference; explicitFileType = wrapper.application; includeInIndex = 0; path = SimpleLoader.app; sourceTree = BUILT_PRODUCTS_DIR; };
		D9EA503F2E881B7800C51E4F /* SimpleLoaderApp.swift */ = {isa = PBXFileReference; lastKnownFileType = sourcecode.swift; path = SimpleLoaderApp.swift; sourceTree = "<group>"; };
		D9EA50462E881B7900C51E4F /* Preview Assets.xcassets */ = {isa = PBXFileReference; lastKnownFileType = folder.assetcatalog; path = "Preview Assets.xcassets"; sourceTree = "<group>"; };
		D9EA50482E881B7900C51E4F /* SimpleLoader.entitlements */ = {isa = PBXFileReference; lastKnownFileType = text.plist.entitlements; path = SimpleLoader.entitlements; sourceTree = "<group>"; };
		D9EA504E2E881B9100C51E4F /* Assets.xcassets */ = {isa = PBXFileReference; lastKnownFileType = folder.assetcatalog; path = Assets.xcassets; sourceTree = "<group>"; };
		D9EA50542E881BDB00C51E4F /* UserDefaultsManager.swift */ = {isa = PBXFileReference; fileEncoding = 4; lastKnownFileType = sourcecode.swift; path = UserDefaultsManager.swift; sourceTree = "<group>"; };
		D9EA50552E881BDB00C51E4F /* KDKMerger.swift */ = {isa = PBXFileReference; fileEncoding = 4; lastKnownFileType = sourcecode.swift; path = KDKMerger.swift; sourceTree = "<group>"; };
		D9EA50582E881BF100C51E4F /* ButtonStyles.swift */ = {isa = PBXFileReference; fileEncoding = 4; lastKnownFileType = sourcecode.swift; path = ButtonStyles.swift; sourceTree = "<group>"; };
		D9EA505A2E881C0500C51E4F /* StatusView.swift */ = {isa = PBXFileReference; fileEncoding = 4; lastKnownFileType = sourcecode.swift; path = StatusView.swift; sourceTree = "<group>"; };
		D9EA505B2E881C0500C51E4F /* AboutView.swift */ = {isa = PBXFileReference; fileEncoding = 4; lastKnownFileType = sourcecode.swift; path = AboutView.swift; sourceTree = "<group>"; };
		D9EA505C2E881C0500C51E4F /* KextSelectionView.swift */ = {isa = PBXFileReference; fileEncoding = 4; lastKnownFileType = sourcecode.swift; path = KextSelectionView.swift; sourceTree = "<group>"; };
		D9EA505D2E881C0500C51E4F /* InstallationOptionsView.swift */ = {isa = PBXFileReference; fileEncoding = 4; lastKnownFileType = sourcecode.swift; path = InstallationOptionsView.swift; sourceTree = "<group>"; };
		D9EA505E2E881C0600C51E4F /* ActionButtonsView.swift */ = {isa = PBXFileReference; fileEncoding = 4; lastKnownFileType = sourcecode.swift; path = ActionButtonsView.swift; sourceTree = "<group>"; };
		D9EA505F2E881C0600C51E4F /* LogView.swift */ = {isa = PBXFileReference; fileEncoding = 4; lastKnownFileType = sourcecode.swift; path = LogView.swift; sourceTree = "<group>"; };
		D9EA50602E881C0600C51E4F /* FooterView.swift */ = {isa = PBXFileReference; fileEncoding = 4; lastKnownFileType = sourcecode.swift; path = FooterView.swift; sourceTree = "<group>"; };
		D9EA50612E881C0600C51E4F /* KDKSelectionView.swift */ = {isa = PBXFileReference; fileEncoding = 4; lastKnownFileType = sourcecode.swift; path = KDKSelectionView.swift; sourceTree = "<group>"; };
		D9EA50622E881C0600C51E4F /* HeaderView.swift */ = {isa = PBXFileReference; fileEncoding = 4; lastKnownFileType = sourcecode.swift; path = HeaderView.swift; sourceTree = "<group>"; };
		D9EA50632E881C0600C51E4F /* ContentView.swift */ = {isa = PBXFileReference; fileEncoding = 4; lastKnownFileType = sourcecode.swift; path = ContentView.swift; sourceTree = "<group>"; };
		D9EA506F2E881C2400C51E4F /* LocalizationHelper.swift */ = {isa = PBXFileReference; fileEncoding = 4; lastKnownFileType = sourcecode.swift; path = LocalizationHelper.swift; sourceTree = "<group>"; };
		D9EA50702E881C2400C51E4F /* LanguageSelectionView.swift */ = {isa = PBXFileReference; fileEncoding = 4; lastKnownFileType = sourcecode.swift; path = LanguageSelectionView.swift; sourceTree = "<group>"; };
		D9EA50722E881C2400C51E4F /* LanguageManager.swift */ = {isa = PBXFileReference; fileEncoding = 4; lastKnownFileType = sourcecode.swift; path = LanguageManager.swift; sourceTree = "<group>"; };
		D9EA50732E881C2400C51E4F /* Base.lproj */ = {isa = PBXFileReference; lastKnownFileType = folder; path = Base.lproj; sourceTree = "<group>"; };
/* End PBXFileReference section */

/* Begin PBXFrameworksBuildPhase section */
		D9EA50392E881B7800C51E4F /* Frameworks */ = {
			isa = PBXFrameworksBuildPhase;
			buildActionMask = 2147483647;
			files = (
			);
			runOnlyForDeploymentPostprocessing = 0;
		};
/* End PBXFrameworksBuildPhase section */

/* Begin PBXGroup section */
		D9EA50332E881B7800C51E4F = {
			isa = PBXGroup;
			children = (
				D9EA503E2E881B7800C51E4F /* SimpleLoader */,
				D9EA503D2E881B7800C51E4F /* Products */,
			);
			sourceTree = "<group>";
		};
		D9EA503D2E881B7800C51E4F /* Products */ = {
			isa = PBXGroup;
			children = (
				D9EA503C2E881B7800C51E4F /* SimpleLoader.app */,
			);
			name = Products;
			sourceTree = "<group>";
		};
		D9EA503E2E881B7800C51E4F /* SimpleLoader */ = {
			isa = PBXGroup;
			children = (
				D9EA504E2E881B9100C51E4F /* Assets.xcassets */,
				D9EA50502E881B9B00C51E4F /* Languages */,
				D9EA50512E881BA600C51E4F /* Models */,
				D9EA50452E881B7900C51E4F /* Preview Content */,
				D9EA50482E881B7900C51E4F /* SimpleLoader.entitlements */,
				D9EA503F2E881B7800C51E4F /* SimpleLoaderApp.swift */,
				D9EA50522E881BAE00C51E4F /* Styles */,
				D9EA50532E881BB600C51E4F /* Views */,
			);
			path = SimpleLoader;
			sourceTree = "<group>";
		};
		D9EA50452E881B7900C51E4F /* Preview Content */ = {
			isa = PBXGroup;
			children = (
				D9EA50462E881B7900C51E4F /* Preview Assets.xcassets */,
			);
			path = "Preview Content";
			sourceTree = "<group>";
		};
		D9EA50502E881B9B00C51E4F /* Languages */ = {
			isa = PBXGroup;
			children = (
				C08DD7772E884CDD002992A7 /* Localizable.strings */,
				D9EA50732E881C2400C51E4F /* Base.lproj */,
				D9EA50722E881C2400C51E4F /* LanguageManager.swift */,
				D9EA50702E881C2400C51E4F /* LanguageSelectionView.swift */,
				D9EA506F2E881C2400C51E4F /* LocalizationHelper.swift */,
			);
			path = Languages;
			sourceTree = "<group>";
		};
		D9EA50512E881BA600C51E4F /* Models */ = {
			isa = PBXGroup;
			children = (
				D9EA50552E881BDB00C51E4F /* KDKMerger.swift */,
				D9EA50542E881BDB00C51E4F /* UserDefaultsManager.swift */,
			);
			path = Models;
			sourceTree = "<group>";
		};
		D9EA50522E881BAE00C51E4F /* Styles */ = {
			isa = PBXGroup;
			children = (
				D9EA50582E881BF100C51E4F /* ButtonStyles.swift */,
			);
			path = Styles;
			sourceTree = "<group>";
		};
		D9EA50532E881BB600C51E4F /* Views */ = {
			isa = PBXGroup;
			children = (
				D9EA505B2E881C0500C51E4F /* AboutView.swift */,
				D9EA505E2E881C0600C51E4F /* ActionButtonsView.swift */,
				D9EA50632E881C0600C51E4F /* ContentView.swift */,
				D9EA50602E881C0600C51E4F /* FooterView.swift */,
				D9EA50622E881C0600C51E4F /* HeaderView.swift */,
				D9EA505D2E881C0500C51E4F /* InstallationOptionsView.swift */,
				D9EA50612E881C0600C51E4F /* KDKSelectionView.swift */,
				D9EA505C2E881C0500C51E4F /* KextSelectionView.swift */,
				D9EA505F2E881C0600C51E4F /* LogView.swift */,
				D9EA505A2E881C0500C51E4F /* StatusView.swift */,
			);
			path = Views;
			sourceTree = "<group>";
		};
/* End PBXGroup section */

/* Begin PBXNativeTarget section */
		D9EA503B2E881B7800C51E4F /* SimpleLoader */ = {
			isa = PBXNativeTarget;
			buildConfigurationList = D9EA504B2E881B7900C51E4F /* Build configuration list for PBXNativeTarget "SimpleLoader" */;
			buildPhases = (
				D9EA50382E881B7800C51E4F /* Sources */,
				D9EA50392E881B7800C51E4F /* Frameworks */,
				D9EA503A2E881B7800C51E4F /* Resources */,
			);
			buildRules = (
			);
			dependencies = (
			);
			name = SimpleLoader;
			productName = SimpleLoader;
			productReference = D9EA503C2E881B7800C51E4F /* SimpleLoader.app */;
			productType = "com.apple.product-type.application";
		};
/* End PBXNativeTarget section */

/* Begin PBXProject section */
		D9EA50342E881B7800C51E4F /* Project object */ = {
			isa = PBXProject;
			attributes = {
				BuildIndependentTargetsInParallel = 1;
				LastSwiftUpdateCheck = 1520;
				LastUpgradeCheck = 1520;
				TargetAttributes = {
					D9EA503B2E881B7800C51E4F = {
						CreatedOnToolsVersion = 15.2;
					};
				};
			};
			buildConfigurationList = D9EA50372E881B7800C51E4F /* Build configuration list for PBXProject "SimpleLoader" */;
			compatibilityVersion = "Xcode 14.0";
			developmentRegion = en;
			hasScannedForEncodings = 0;
			knownRegions = (
				en,
				Base,
				es,
				it,
				ko,
				"zh-Hans",
				"pt-BR",
			);
			mainGroup = D9EA50332E881B7800C51E4F;
			productRefGroup = D9EA503D2E881B7800C51E4F /* Products */;
			projectDirPath = "";
			projectRoot = "";
			targets = (
				D9EA503B2E881B7800C51E4F /* SimpleLoader */,
			);
		};
/* End PBXProject section */

/* Begin PBXResourcesBuildPhase section */
		D9EA503A2E881B7800C51E4F /* Resources */ = {
			isa = PBXResourcesBuildPhase;
			buildActionMask = 2147483647;
			files = (
				D9EA504F2E881B9100C51E4F /* Assets.xcassets in Resources */,
				C08DD7792E884CDD002992A7 /* Localizable.strings in Resources */,
				D9EA507E2E881C2400C51E4F /* Base.lproj in Resources */,
				D9EA50472E881B7900C51E4F /* Preview Assets.xcassets in Resources */,
			);
			runOnlyForDeploymentPostprocessing = 0;
		};
/* End PBXResourcesBuildPhase section */

/* Begin PBXSourcesBuildPhase section */
		D9EA50382E881B7800C51E4F /* Sources */ = {
			isa = PBXSourcesBuildPhase;
			buildActionMask = 2147483647;
			files = (
				D9EA50652E881C0600C51E4F /* AboutView.swift in Sources */,
				D9EA50682E881C0600C51E4F /* ActionButtonsView.swift in Sources */,
				D9EA506B2E881C0600C51E4F /* KDKSelectionView.swift in Sources */,
				D9EA50402E881B7800C51E4F /* SimpleLoaderApp.swift in Sources */,
				D9EA50642E881C0600C51E4F /* StatusView.swift in Sources */,
				D9EA50572E881BDB00C51E4F /* KDKMerger.swift in Sources */,
				D9EA50592E881BF100C51E4F /* ButtonStyles.swift in Sources */,
				D9EA50562E881BDB00C51E4F /* UserDefaultsManager.swift in Sources */,
				D9EA50672E881C0600C51E4F /* InstallationOptionsView.swift in Sources */,
				D9EA506A2E881C0600C51E4F /* FooterView.swift in Sources */,
				D9EA506D2E881C0600C51E4F /* ContentView.swift in Sources */,
				D9EA507B2E881C2400C51E4F /* LanguageSelectionView.swift in Sources */,
				D9EA507A2E881C2400C51E4F /* LocalizationHelper.swift in Sources */,
				D9EA50692E881C0600C51E4F /* LogView.swift in Sources */,
				D9EA507D2E881C2400C51E4F /* LanguageManager.swift in Sources */,
				D9EA50662E881C0600C51E4F /* KextSelectionView.swift in Sources */,
				D9EA506C2E881C0600C51E4F /* HeaderView.swift in Sources */,
			);
			runOnlyForDeploymentPostprocessing = 0;
		};
/* End PBXSourcesBuildPhase section */

/* Begin PBXVariantGroup section */
		C08DD7772E884CDD002992A7 /* Localizable.strings */ = {
			isa = PBXVariantGroup;
			children = (
				C08DD7782E884CDD002992A7 /* en */,
				C08DD77A2E884D3B002992A7 /* es */,
				C08DD77B2E884D6A002992A7 /* it */,
				C08DD77C2E884D8C002992A7 /* ko */,
				C08DD77D2E884D93002992A7 /* zh-Hans */,
				C08DD77E2E884DA3002992A7 /* pt-BR */,
			);
			name = Localizable.strings;
			sourceTree = "<group>";
		};
/* End PBXVariantGroup section */

/* Begin XCBuildConfiguration section */
		D9EA50492E881B7900C51E4F /* Debug */ = {
			isa = XCBuildConfiguration;
			buildSettings = {
				ALWAYS_SEARCH_USER_PATHS = NO;
				ASSETCATALOG_COMPILER_GENERATE_SWIFT_ASSET_SYMBOL_EXTENSIONS = YES;
				CLANG_ANALYZER_LOCALIZABILITY_NONLOCALIZED = YES;
				CLANG_ANALYZER_NONNULL = YES;
				CLANG_ANALYZER_NUMBER_OBJECT_CONVERSION = YES_AGGRESSIVE;
				CLANG_CXX_LANGUAGE_STANDARD = "gnu++20";
				CLANG_ENABLE_MODULES = YES;
				CLANG_ENABLE_OBJC_ARC = YES;
				CLANG_ENABLE_OBJC_WEAK = YES;
				CLANG_WARN_BLOCK_CAPTURE_AUTORELEASING = YES;
				CLANG_WARN_BOOL_CONVERSION = YES;
				CLANG_WARN_COMMA = YES;
				CLANG_WARN_CONSTANT_CONVERSION = YES;
				CLANG_WARN_DEPRECATED_OBJC_IMPLEMENTATIONS = YES;
				CLANG_WARN_DIRECT_OBJC_ISA_USAGE = YES_ERROR;
				CLANG_WARN_DOCUMENTATION_COMMENTS = YES;
				CLANG_WARN_EMPTY_BODY = YES;
				CLANG_WARN_ENUM_CONVERSION = YES;
				CLANG_WARN_INFINITE_RECURSION = YES;
				CLANG_WARN_INT_CONVERSION = YES;
				CLANG_WARN_NON_LITERAL_NULL_CONVERSION = YES;
				CLANG_WARN_OBJC_IMPLICIT_RETAIN_SELF = YES;
				CLANG_WARN_OBJC_LITERAL_CONVERSION = YES;
				CLANG_WARN_OBJC_ROOT_CLASS = YES_ERROR;
				CLANG_WARN_QUOTED_INCLUDE_IN_FRAMEWORK_HEADER = YES;
				CLANG_WARN_RANGE_LOOP_ANALYSIS = YES;
				CLANG_WARN_STRICT_PROTOTYPES = YES;
				CLANG_WARN_SUSPICIOUS_MOVE = YES;
				CLANG_WARN_UNGUARDED_AVAILABILITY = YES_AGGRESSIVE;
				CLANG_WARN_UNREACHABLE_CODE = YES;
				CLANG_WARN__DUPLICATE_METHOD_MATCH = YES;
				COPY_PHASE_STRIP = NO;
				DEBUG_INFORMATION_FORMAT = dwarf;
				ENABLE_STRICT_OBJC_MSGSEND = YES;
				ENABLE_TESTABILITY = YES;
				ENABLE_USER_SCRIPT_SANDBOXING = YES;
				GCC_C_LANGUAGE_STANDARD = gnu17;
				GCC_DYNAMIC_NO_PIC = NO;
				GCC_NO_COMMON_BLOCKS = YES;
				GCC_OPTIMIZATION_LEVEL = 0;
				GCC_PREPROCESSOR_DEFINITIONS = (
					"DEBUG=1",
					"$(inherited)",
				);
				GCC_WARN_64_TO_32_BIT_CONVERSION = YES;
				GCC_WARN_ABOUT_RETURN_TYPE = YES_ERROR;
				GCC_WARN_UNDECLARED_SELECTOR = YES;
				GCC_WARN_UNINITIALIZED_AUTOS = YES_AGGRESSIVE;
				GCC_WARN_UNUSED_FUNCTION = YES;
				GCC_WARN_UNUSED_VARIABLE = YES;
				LOCALIZATION_PREFERS_STRING_CATALOGS = YES;
				MACOSX_DEPLOYMENT_TARGET = 13.7;
				MTL_ENABLE_DEBUG_INFO = INCLUDE_SOURCE;
				MTL_FAST_MATH = YES;
				ONLY_ACTIVE_ARCH = NO;
				SDKROOT = macosx;
				SWIFT_ACTIVE_COMPILATION_CONDITIONS = "DEBUG $(inherited)";
				SWIFT_OPTIMIZATION_LEVEL = "-Onone";
			};
			name = Debug;
		};
		D9EA504A2E881B7900C51E4F /* Release */ = {
			isa = XCBuildConfiguration;
			buildSettings = {
				ALWAYS_SEARCH_USER_PATHS = NO;
				ASSETCATALOG_COMPILER_GENERATE_SWIFT_ASSET_SYMBOL_EXTENSIONS = YES;
				CLANG_ANALYZER_LOCALIZABILITY_NONLOCALIZED = YES;
				CLANG_ANALYZER_NONNULL = YES;
				CLANG_ANALYZER_NUMBER_OBJECT_CONVERSION = YES_AGGRESSIVE;
				CLANG_CXX_LANGUAGE_STANDARD = "gnu++20";
				CLANG_ENABLE_MODULES = YES;
				CLANG_ENABLE_OBJC_ARC = YES;
				CLANG_ENABLE_OBJC_WEAK = YES;
				CLANG_WARN_BLOCK_CAPTURE_AUTORELEASING = YES;
				CLANG_WARN_BOOL_CONVERSION = YES;
				CLANG_WARN_COMMA = YES;
				CLANG_WARN_CONSTANT_CONVERSION = YES;
				CLANG_WARN_DEPRECATED_OBJC_IMPLEMENTATIONS = YES;
				CLANG_WARN_DIRECT_OBJC_ISA_USAGE = YES_ERROR;
				CLANG_WARN_DOCUMENTATION_COMMENTS = YES;
				CLANG_WARN_EMPTY_BODY = YES;
				CLANG_WARN_ENUM_CONVERSION = YES;
				CLANG_WARN_INFINITE_RECURSION = YES;
				CLANG_WARN_INT_CONVERSION = YES;
				CLANG_WARN_NON_LITERAL_NULL_CONVERSION = YES;
				CLANG_WARN_OBJC_IMPLICIT_RETAIN_SELF = YES;
				CLANG_WARN_OBJC_LITERAL_CONVERSION = YES;
				CLANG_WARN_OBJC_ROOT_CLASS = YES_ERROR;
				CLANG_WARN_QUOTED_INCLUDE_IN_FRAMEWORK_HEADER = YES;
				CLANG_WARN_RANGE_LOOP_ANALYSIS = YES;
				CLANG_WARN_STRICT_PROTOTYPES = YES;
				CLANG_WARN_SUSPICIOUS_MOVE = YES;
				CLANG_WARN_UNGUARDED_AVAILABILITY = YES_AGGRESSIVE;
				CLANG_WARN_UNREACHABLE_CODE = YES;
				CLANG_WARN__DUPLICATE_METHOD_MATCH = YES;
				COPY_PHASE_STRIP = NO;
				DEBUG_INFORMATION_FORMAT = "dwarf-with-dsym";
				ENABLE_NS_ASSERTIONS = NO;
				ENABLE_STRICT_OBJC_MSGSEND = YES;
				ENABLE_USER_SCRIPT_SANDBOXING = YES;
				GCC_C_LANGUAGE_STANDARD = gnu17;
				GCC_NO_COMMON_BLOCKS = YES;
				GCC_WARN_64_TO_32_BIT_CONVERSION = YES;
				GCC_WARN_ABOUT_RETURN_TYPE = YES_ERROR;
				GCC_WARN_UNDECLARED_SELECTOR = YES;
				GCC_WARN_UNINITIALIZED_AUTOS = YES_AGGRESSIVE;
				GCC_WARN_UNUSED_FUNCTION = YES;
				GCC_WARN_UNUSED_VARIABLE = YES;
				LOCALIZATION_PREFERS_STRING_CATALOGS = YES;
				MACOSX_DEPLOYMENT_TARGET = 13.7;
				MTL_ENABLE_DEBUG_INFO = NO;
				MTL_FAST_MATH = YES;
				ONLY_ACTIVE_ARCH = NO;
				SDKROOT = macosx;
				SWIFT_COMPILATION_MODE = wholemodule;
			};
			name = Release;
		};
		D9EA504C2E881B7900C51E4F /* Debug */ = {
			isa = XCBuildConfiguration;
			buildSettings = {
				ASSETCATALOG_COMPILER_APPICON_NAME = AppIcon;
				ASSETCATALOG_COMPILER_GLOBAL_ACCENT_COLOR_NAME = AccentColor;
				CODE_SIGN_ENTITLEMENTS = SimpleLoader/SimpleLoader.entitlements;
				CODE_SIGN_IDENTITY = "Apple Development";
				"CODE_SIGN_IDENTITY[sdk=macosx*]" = "-";
				CODE_SIGN_STYLE = Automatic;
				COMBINE_HIDPI_IMAGES = YES;
				CURRENT_PROJECT_VERSION = 1;
				DEVELOPMENT_ASSET_PATHS = "\"SimpleLoader/Preview Content\"";
				DEVELOPMENT_TEAM = "";
				ENABLE_HARDENED_RUNTIME = YES;
				ENABLE_PREVIEWS = YES;
				GENERATE_INFOPLIST_FILE = YES;
				INFOPLIST_KEY_LSApplicationCategoryType = "public.app-category.developer-tools";
				INFOPLIST_KEY_NSHumanReadableCopyright = "";
				LD_RUNPATH_SEARCH_PATHS = (
					"$(inherited)",
					"@executable_path/../Frameworks",
				);
				MARKETING_VERSION = 1.0.1;
				PRODUCT_BUNDLE_IDENTIFIER = cn.laobamac.SimpleLoader;
				PRODUCT_NAME = "$(TARGET_NAME)";
				PROVISIONING_PROFILE_SPECIFIER = "";
				SWIFT_EMIT_LOC_STRINGS = YES;
				SWIFT_VERSION = 5.0;
			};
			name = Debug;
		};
		D9EA504D2E881B7900C51E4F /* Release */ = {
			isa = XCBuildConfiguration;
			buildSettings = {
				ASSETCATALOG_COMPILER_APPICON_NAME = AppIcon;
				ASSETCATALOG_COMPILER_GLOBAL_ACCENT_COLOR_NAME = AccentColor;
				CODE_SIGN_ENTITLEMENTS = SimpleLoader/SimpleLoader.entitlements;
				CODE_SIGN_IDENTITY = "Apple Development";
				"CODE_SIGN_IDENTITY[sdk=macosx*]" = "-";
				CODE_SIGN_STYLE = Automatic;
				COMBINE_HIDPI_IMAGES = YES;
				CURRENT_PROJECT_VERSION = 1;
				DEVELOPMENT_ASSET_PATHS = "\"SimpleLoader/Preview Content\"";
				DEVELOPMENT_TEAM = "";
				ENABLE_HARDENED_RUNTIME = YES;
				ENABLE_PREVIEWS = YES;
				GENERATE_INFOPLIST_FILE = YES;
				INFOPLIST_KEY_LSApplicationCategoryType = "public.app-category.developer-tools";
				INFOPLIST_KEY_NSHumanReadableCopyright = "";
				LD_RUNPATH_SEARCH_PATHS = (
					"$(inherited)",
					"@executable_path/../Frameworks",
				);
				MARKETING_VERSION = 1.0.1;
				PRODUCT_BUNDLE_IDENTIFIER = cn.laobamac.SimpleLoader;
				PRODUCT_NAME = "$(TARGET_NAME)";
				PROVISIONING_PROFILE_SPECIFIER = "";
				SWIFT_EMIT_LOC_STRINGS = YES;
				SWIFT_VERSION = 5.0;
			};
			name = Release;
		};
/* End XCBuildConfiguration section */

/* Begin XCConfigurationList section */
		D9EA50372E881B7800C51E4F /* Build configuration list for PBXProject "SimpleLoader" */ = {
			isa = XCConfigurationList;
			buildConfigurations = (
				D9EA50492E881B7900C51E4F /* Debug */,
				D9EA504A2E881B7900C51E4F /* Release */,
			);
			defaultConfigurationIsVisible = 0;
			defaultConfigurationName = Release;
		};
		D9EA504B2E881B7900C51E4F /* Build configuration list for PBXNativeTarget "SimpleLoader" */ = {
			isa = XCConfigurationList;
			buildConfigurations = (
				D9EA504C2E881B7900C51E4F /* Debug */,
				D9EA504D2E881B7900C51E4F /* Release */,
			);
			defaultConfigurationIsVisible = 0;
			defaultConfigurationName = Release;
		};
/* End XCConfigurationList section */
	};
	rootObject = D9EA50342E881B7800C51E4F /* Project object */;
}
