// !$*UTF8*$!
{
	archiveVersion = 1;
	classes = {
	};
	objectVersion = 77;
	objects = {

/* Begin PBXBuildFile section */
		BB17B9932E367B7A00F80156 /* README.md in Resources */ = {isa = PBXBuildFile; fileRef = BB17B9922E367B7300F80156 /* README.md */; };
		D913A1982E3BE03D00826559 /* LanguageManager.swift in Sources */ = {isa = PBXBuildFile; fileRef = D913A1752E3BE03D00826559 /* LanguageManager.swift */; };
		D913A1992E3BE03D00826559 /* LanguageSelectionView.swift in Sources */ = {isa = PBXBuildFile; fileRef = D913A1762E3BE03D00826559 /* LanguageSelectionView.swift */; };
		D913A19A2E3BE03D00826559 /* LocalizationHelper.swift in Sources */ = {isa = PBXBuildFile; fileRef = D913A17E2E3BE03D00826559 /* LocalizationHelper.swift */; };
		D913A19B2E3BE03D00826559 /* KDKMerger.swift in Sources */ = {isa = PBXBuildFile; fileRef = D913A1802E3BE03D00826559 /* KDKMerger.swift */; };
		D913A19C2E3BE03D00826559 /* PatchPreset.swift in Sources */ = {isa = PBXBuildFile; fileRef = D913A1812E3BE03D00826559 /* PatchPreset.swift */; };
		D913A19D2E3BE03D00826559 /* UserDefaultsManager.swift in Sources */ = {isa = PBXBuildFile; fileRef = D913A1822E3BE03D00826559 /* UserDefaultsManager.swift */; };
		D913A19E2E3BE03D00826559 /* ButtonStyles.swift in Sources */ = {isa = PBXBuildFile; fileRef = D913A1862E3BE03D00826559 /* ButtonStyles.swift */; };
		D913A19F2E3BE03D00826559 /* AboutView.swift in Sources */ = {isa = PBXBuildFile; fileRef = D913A1882E3BE03D00826559 /* AboutView.swift */; };
		D913A1A02E3BE03D00826559 /* ActionButtonsView.swift in Sources */ = {isa = PBXBuildFile; fileRef = D913A1892E3BE03D00826559 /* ActionButtonsView.swift */; };
		D913A1A12E3BE03D00826559 /* ContentView.swift in Sources */ = {isa = PBXBuildFile; fileRef = D913A18A2E3BE03D00826559 /* ContentView.swift */; };
		D913A1A22E3BE03D00826559 /* FooterView.swift in Sources */ = {isa = PBXBuildFile; fileRef = D913A18B2E3BE03D00826559 /* FooterView.swift */; };
		D913A1A32E3BE03D00826559 /* HeaderView.swift in Sources */ = {isa = PBXBuildFile; fileRef = D913A18C2E3BE03D00826559 /* HeaderView.swift */; };
		D913A1A42E3BE03D00826559 /* InstallationOptionsView.swift in Sources */ = {isa = PBXBuildFile; fileRef = D913A18D2E3BE03D00826559 /* InstallationOptionsView.swift */; };
		D913A1A52E3BE03D00826559 /* KDKSelectionView.swift in Sources */ = {isa = PBXBuildFile; fileRef = D913A18E2E3BE03D00826559 /* KDKSelectionView.swift */; };
		D913A1A62E3BE03D00826559 /* KextSelectionView.swift in Sources */ = {isa = PBXBuildFile; fileRef = D913A18F2E3BE03D00826559 /* KextSelectionView.swift */; };
		D913A1A72E3BE03D00826559 /* LogView.swift in Sources */ = {isa = PBXBuildFile; fileRef = D913A1902E3BE03D00826559 /* LogView.swift */; };
		D913A1A82E3BE03D00826559 /* PresetsView.swift in Sources */ = {isa = PBXBuildFile; fileRef = D913A1912E3BE03D00826559 /* PresetsView.swift */; };
		D913A1A92E3BE03D00826559 /* StatusView.swift in Sources */ = {isa = PBXBuildFile; fileRef = D913A1922E3BE03D00826559 /* StatusView.swift */; };
		D913A1AA2E3BE03D00826559 /* SimpleLoaderApp.swift in Sources */ = {isa = PBXBuildFile; fileRef = D913A1962E3BE03D00826559 /* SimpleLoaderApp.swift */; };
		D913A1AB2E3BE03D00826559 /* Localizable.strings in Resources */ = {isa = PBXBuildFile; fileRef = D913A17D2E3BE03D00826559 /* Localizable.strings */; };
		D913A1AC2E3BE03D00826559 /* Assets.xcassets in Resources */ = {isa = PBXBuildFile; fileRef = D913A1942E3BE03D00826559 /* Assets.xcassets */; };
/* End PBXBuildFile section */

/* Begin PBXFileReference section */
		BB136A4F2E35B928008F000D /* SimpleLoader.app */ = {isa = PBXFileReference; explicitFileType = wrapper.application; includeInIndex = 0; path = SimpleLoader.app; sourceTree = BUILT_PRODUCTS_DIR; };
		BB17B9922E367B7300F80156 /* README.md */ = {isa = PBXFileReference; lastKnownFileType = net.daringfireball.markdown; path = README.md; sourceTree = "<group>"; };
		D913A1752E3BE03D00826559 /* LanguageManager.swift */ = {isa = PBXFileReference; lastKnownFileType = sourcecode.swift; path = LanguageManager.swift; sourceTree = "<group>"; };
		D913A1762E3BE03D00826559 /* LanguageSelectionView.swift */ = {isa = PBXFileReference; lastKnownFileType = sourcecode.swift; path = LanguageSelectionView.swift; sourceTree = "<group>"; };
		D913A1772E3BE03D00826559 /* Base */ = {isa = PBXFileReference; lastKnownFileType = text.plist.strings; name = Base; path = Base.lproj/Localizable.strings; sourceTree = "<group>"; };
		D913A1782E3BE03D00826559 /* en */ = {isa = PBXFileReference; lastKnownFileType = text.plist.strings; name = en; path = en.lproj/Localizable.strings; sourceTree = "<group>"; };
		D913A1792E3BE03D00826559 /* es */ = {isa = PBXFileReference; lastKnownFileType = text.plist.strings; name = es; path = es.lproj/Localizable.strings; sourceTree = "<group>"; };
		D913A17A2E3BE03D00826559 /* it */ = {isa = PBXFileReference; lastKnownFileType = text.plist.strings; name = it; path = it.lproj/Localizable.strings; sourceTree = "<group>"; };
		D913A17B2E3BE03D00826559 /* zh-Hans */ = {isa = PBXFileReference; lastKnownFileType = text.plist.strings; name = "zh-Hans"; path = "zh-Hans.lproj/Localizable.strings"; sourceTree = "<group>"; };
		D913A17C2E3BE03D00826559 /* zh-Hant */ = {isa = PBXFileReference; lastKnownFileType = text.plist.strings; name = "zh-Hant"; path = "zh-Hant.lproj/Localizable.strings"; sourceTree = "<group>"; };
		D913A17E2E3BE03D00826559 /* LocalizationHelper.swift */ = {isa = PBXFileReference; lastKnownFileType = sourcecode.swift; path = LocalizationHelper.swift; sourceTree = "<group>"; };
		D913A1802E3BE03D00826559 /* KDKMerger.swift */ = {isa = PBXFileReference; lastKnownFileType = sourcecode.swift; path = KDKMerger.swift; sourceTree = "<group>"; };
		D913A1812E3BE03D00826559 /* PatchPreset.swift */ = {isa = PBXFileReference; lastKnownFileType = sourcecode.swift; path = PatchPreset.swift; sourceTree = "<group>"; };
		D913A1822E3BE03D00826559 /* UserDefaultsManager.swift */ = {isa = PBXFileReference; lastKnownFileType = sourcecode.swift; path = UserDefaultsManager.swift; sourceTree = "<group>"; };
		D913A1862E3BE03D00826559 /* ButtonStyles.swift */ = {isa = PBXFileReference; lastKnownFileType = sourcecode.swift; path = ButtonStyles.swift; sourceTree = "<group>"; };
		D913A1882E3BE03D00826559 /* AboutView.swift */ = {isa = PBXFileReference; lastKnownFileType = sourcecode.swift; path = AboutView.swift; sourceTree = "<group>"; };
		D913A1892E3BE03D00826559 /* ActionButtonsView.swift */ = {isa = PBXFileReference; lastKnownFileType = sourcecode.swift; path = ActionButtonsView.swift; sourceTree = "<group>"; };
		D913A18A2E3BE03D00826559 /* ContentView.swift */ = {isa = PBXFileReference; lastKnownFileType = sourcecode.swift; path = ContentView.swift; sourceTree = "<group>"; };
		D913A18B2E3BE03D00826559 /* FooterView.swift */ = {isa = PBXFileReference; lastKnownFileType = sourcecode.swift; path = FooterView.swift; sourceTree = "<group>"; };
		D913A18C2E3BE03D00826559 /* HeaderView.swift */ = {isa = PBXFileReference; lastKnownFileType = sourcecode.swift; path = HeaderView.swift; sourceTree = "<group>"; };
		D913A18D2E3BE03D00826559 /* InstallationOptionsView.swift */ = {isa = PBXFileReference; lastKnownFileType = sourcecode.swift; path = InstallationOptionsView.swift; sourceTree = "<group>"; };
		D913A18E2E3BE03D00826559 /* KDKSelectionView.swift */ = {isa = PBXFileReference; lastKnownFileType = sourcecode.swift; path = KDKSelectionView.swift; sourceTree = "<group>"; };
		D913A18F2E3BE03D00826559 /* KextSelectionView.swift */ = {isa = PBXFileReference; lastKnownFileType = sourcecode.swift; path = KextSelectionView.swift; sourceTree = "<group>"; };
		D913A1902E3BE03D00826559 /* LogView.swift */ = {isa = PBXFileReference; lastKnownFileType = sourcecode.swift; path = LogView.swift; sourceTree = "<group>"; };
		D913A1912E3BE03D00826559 /* PresetsView.swift */ = {isa = PBXFileReference; lastKnownFileType = sourcecode.swift; path = PresetsView.swift; sourceTree = "<group>"; };
		D913A1922E3BE03D00826559 /* StatusView.swift */ = {isa = PBXFileReference; lastKnownFileType = sourcecode.swift; path = StatusView.swift; sourceTree = "<group>"; };
		D913A1942E3BE03D00826559 /* Assets.xcassets */ = {isa = PBXFileReference; lastKnownFileType = folder.assetcatalog; path = Assets.xcassets; sourceTree = "<group>"; };
		D913A1952E3BE03D00826559 /* SimpleLoader.entitlements */ = {isa = PBXFileReference; lastKnownFileType = text.plist.entitlements; path = SimpleLoader.entitlements; sourceTree = "<group>"; };
		D913A1962E3BE03D00826559 /* SimpleLoaderApp.swift */ = {isa = PBXFileReference; lastKnownFileType = sourcecode.swift; path = SimpleLoaderApp.swift; sourceTree = "<group>"; };
		D94E9A162E3EB76100CBBFEB /* ko */ = {isa = PBXFileReference; lastKnownFileType = text.plist.strings; name = ko; path = ko.lproj/Localizable.strings; sourceTree = "<group>"; };
		D9F67D472E44AD0D005C275F /* pt-BR */ = {isa = PBXFileReference; lastKnownFileType = text.plist.strings; name = "pt-BR"; path = "pt-BR.lproj/Localizable.strings"; sourceTree = "<group>"; };
/* End PBXFileReference section */

/* Begin PBXFrameworksBuildPhase section */
		BB136A4C2E35B928008F000D /* Frameworks */ = {
			isa = PBXFrameworksBuildPhase;
			buildActionMask = 2147483647;
			files = (
			);
			runOnlyForDeploymentPostprocessing = 0;
		};
/* End PBXFrameworksBuildPhase section */

/* Begin PBXGroup section */
		BB136A462E35B928008F000D = {
			isa = PBXGroup;
			children = (
				BB17B9922E367B7300F80156 /* README.md */,
				D913A1972E3BE03D00826559 /* SimpleLoader */,
				BB136A502E35B928008F000D /* Products */,
			);
			sourceTree = "<group>";
		};
		BB136A502E35B928008F000D /* Products */ = {
			isa = PBXGroup;
			children = (
				BB136A4F2E35B928008F000D /* SimpleLoader.app */,
			);
			name = Products;
			sourceTree = "<group>";
		};
		D913A17F2E3BE03D00826559 /* Languages */ = {
			isa = PBXGroup;
			children = (
				D913A1752E3BE03D00826559 /* LanguageManager.swift */,
				D913A1762E3BE03D00826559 /* LanguageSelectionView.swift */,
				D913A17D2E3BE03D00826559 /* Localizable.strings */,
				D913A17E2E3BE03D00826559 /* LocalizationHelper.swift */,
			);
			path = Languages;
			sourceTree = "<group>";
		};
		D913A1832E3BE03D00826559 /* Models */ = {
			isa = PBXGroup;
			children = (
				D913A1802E3BE03D00826559 /* KDKMerger.swift */,
				D913A1812E3BE03D00826559 /* PatchPreset.swift */,
				D913A1822E3BE03D00826559 /* UserDefaultsManager.swift */,
			);
			path = Models;
			sourceTree = "<group>";
		};
		D913A1872E3BE03D00826559 /* Styles */ = {
			isa = PBXGroup;
			children = (
				D913A1862E3BE03D00826559 /* ButtonStyles.swift */,
			);
			path = Styles;
			sourceTree = "<group>";
		};
		D913A1932E3BE03D00826559 /* Views */ = {
			isa = PBXGroup;
			children = (
				D913A1882E3BE03D00826559 /* AboutView.swift */,
				D913A1892E3BE03D00826559 /* ActionButtonsView.swift */,
				D913A18A2E3BE03D00826559 /* ContentView.swift */,
				D913A18B2E3BE03D00826559 /* FooterView.swift */,
				D913A18C2E3BE03D00826559 /* HeaderView.swift */,
				D913A18D2E3BE03D00826559 /* InstallationOptionsView.swift */,
				D913A18E2E3BE03D00826559 /* KDKSelectionView.swift */,
				D913A18F2E3BE03D00826559 /* KextSelectionView.swift */,
				D913A1902E3BE03D00826559 /* LogView.swift */,
				D913A1912E3BE03D00826559 /* PresetsView.swift */,
				D913A1922E3BE03D00826559 /* StatusView.swift */,
			);
			path = Views;
			sourceTree = "<group>";
		};
		D913A1972E3BE03D00826559 /* SimpleLoader */ = {
			isa = PBXGroup;
			children = (
				D913A17F2E3BE03D00826559 /* Languages */,
				D913A1832E3BE03D00826559 /* Models */,
				D913A1872E3BE03D00826559 /* Styles */,
				D913A1932E3BE03D00826559 /* Views */,
				D913A1942E3BE03D00826559 /* Assets.xcassets */,
				D913A1952E3BE03D00826559 /* SimpleLoader.entitlements */,
				D913A1962E3BE03D00826559 /* SimpleLoaderApp.swift */,
			);
			path = SimpleLoader;
			sourceTree = "<group>";
		};
/* End PBXGroup section */

/* Begin PBXNativeTarget section */
		BB136A4E2E35B928008F000D /* SimpleLoader */ = {
			isa = PBXNativeTarget;
			buildConfigurationList = BB136A712E35B92A008F000D /* Build configuration list for PBXNativeTarget "SimpleLoader" */;
			buildPhases = (
				BB136A4B2E35B928008F000D /* Sources */,
				BB136A4C2E35B928008F000D /* Frameworks */,
				BB136A4D2E35B928008F000D /* Resources */,
			);
			buildRules = (
			);
			dependencies = (
			);
			name = SimpleLoader;
			packageProductDependencies = (
			);
			productName = SimpleLoader;
			productReference = BB136A4F2E35B928008F000D /* SimpleLoader.app */;
			productType = "com.apple.product-type.application";
		};
/* End PBXNativeTarget section */

/* Begin PBXProject section */
		BB136A472E35B928008F000D /* Project object */ = {
			isa = PBXProject;
			attributes = {
				BuildIndependentTargetsInParallel = 1;
				LastSwiftUpdateCheck = 1640;
				LastUpgradeCheck = 1640;
				TargetAttributes = {
					BB136A4E2E35B928008F000D = {
						CreatedOnToolsVersion = 16.4;
					};
				};
			};
			buildConfigurationList = BB136A4A2E35B928008F000D /* Build configuration list for PBXProject "SimpleLoader" */;
			developmentRegion = en;
			hasScannedForEncodings = 0;
			knownRegions = (
				en,
				Base,
				"zh-Hans",
				"zh-Hant",
				es,
				it,
				ko,
				"pt-BR",
			);
			mainGroup = BB136A462E35B928008F000D;
			minimizedProjectReferenceProxies = 1;
			preferredProjectObjectVersion = 77;
			productRefGroup = BB136A462E35B928008F000D;
			projectDirPath = "";
			projectRoot = "";
			targets = (
				BB136A4E2E35B928008F000D /* SimpleLoader */,
			);
		};
/* End PBXProject section */

/* Begin PBXResourcesBuildPhase section */
		BB136A4D2E35B928008F000D /* Resources */ = {
			isa = PBXResourcesBuildPhase;
			buildActionMask = 2147483647;
			files = (
				BB17B9932E367B7A00F80156 /* README.md in Resources */,
				D913A1AB2E3BE03D00826559 /* Localizable.strings in Resources */,
				D913A1AC2E3BE03D00826559 /* Assets.xcassets in Resources */,
			);
			runOnlyForDeploymentPostprocessing = 0;
		};
/* End PBXResourcesBuildPhase section */

/* Begin PBXSourcesBuildPhase section */
		BB136A4B2E35B928008F000D /* Sources */ = {
			isa = PBXSourcesBuildPhase;
			buildActionMask = 2147483647;
			files = (
				D913A1982E3BE03D00826559 /* LanguageManager.swift in Sources */,
				D913A1992E3BE03D00826559 /* LanguageSelectionView.swift in Sources */,
				D913A19A2E3BE03D00826559 /* LocalizationHelper.swift in Sources */,
				D913A19B2E3BE03D00826559 /* KDKMerger.swift in Sources */,
				D913A19C2E3BE03D00826559 /* PatchPreset.swift in Sources */,
				D913A19D2E3BE03D00826559 /* UserDefaultsManager.swift in Sources */,
				D913A19E2E3BE03D00826559 /* ButtonStyles.swift in Sources */,
				D913A19F2E3BE03D00826559 /* AboutView.swift in Sources */,
				D913A1A02E3BE03D00826559 /* ActionButtonsView.swift in Sources */,
				D913A1A12E3BE03D00826559 /* ContentView.swift in Sources */,
				D913A1A22E3BE03D00826559 /* FooterView.swift in Sources */,
				D913A1A32E3BE03D00826559 /* HeaderView.swift in Sources */,
				D913A1A42E3BE03D00826559 /* InstallationOptionsView.swift in Sources */,
				D913A1A52E3BE03D00826559 /* KDKSelectionView.swift in Sources */,
				D913A1A62E3BE03D00826559 /* KextSelectionView.swift in Sources */,
				D913A1A72E3BE03D00826559 /* LogView.swift in Sources */,
				D913A1A82E3BE03D00826559 /* PresetsView.swift in Sources */,
				D913A1A92E3BE03D00826559 /* StatusView.swift in Sources */,
				D913A1AA2E3BE03D00826559 /* SimpleLoaderApp.swift in Sources */,
			);
			runOnlyForDeploymentPostprocessing = 0;
		};
/* End PBXSourcesBuildPhase section */

/* Begin PBXVariantGroup section */
		D913A17D2E3BE03D00826559 /* Localizable.strings */ = {
			isa = PBXVariantGroup;
			children = (
				D913A1772E3BE03D00826559 /* Base */,
				D913A1782E3BE03D00826559 /* en */,
				D913A1792E3BE03D00826559 /* es */,
				D913A17A2E3BE03D00826559 /* it */,
				D913A17B2E3BE03D00826559 /* zh-Hans */,
				D913A17C2E3BE03D00826559 /* zh-Hant */,
				D94E9A162E3EB76100CBBFEB /* ko */,
				D9F67D472E44AD0D005C275F /* pt-BR */,
			);
			name = Localizable.strings;
			sourceTree = "<group>";
		};
/* End PBXVariantGroup section */

/* Begin XCBuildConfiguration section */
		BB136A6F2E35B92A008F000D /* Debug */ = {
			isa = XCBuildConfiguration;
			buildSettings = {
				ALWAYS_SEARCH_USER_PATHS = NO;
				ASSETCATALOG_COMPILER_GENERATE_SWIFT_ASSET_SYMBOL_EXTENSIONS = YES;
				CLANG_ANALYZER_NONNULL = YES;
				CLANG_ANALYZER_NUMBER_OBJECT_CONVERSION = YES_AGGRESSIVE;
				CLANG_CXX_LANGUAGE_STANDARD = "gnu++20";
				CLANG_ENABLE_MODULES = YES;
				CLANG_ENABLE_OBJC_ARC = YES;
				CLANG_ENABLE_OBJC_WEAK = YES;
				CLANG_WARN_BLOCK_CAPTURE_AUTORELEASING = YES;
				CLANG_WARN_BOOL_CONVERSION = YES;
				CLANG_WARN_COMMA = YES;
				CLANG_WARN_CONSTANT_CONVERSION = YES;
				CLANG_WARN_DEPRECATED_OBJC_IMPLEMENTATIONS = YES;
				CLANG_WARN_DIRECT_OBJC_ISA_USAGE = YES_ERROR;
				CLANG_WARN_DOCUMENTATION_COMMENTS = YES;
				CLANG_WARN_EMPTY_BODY = YES;
				CLANG_WARN_ENUM_CONVERSION = YES;
				CLANG_WARN_INFINITE_RECURSION = YES;
				CLANG_WARN_INT_CONVERSION = YES;
				CLANG_WARN_NON_LITERAL_NULL_CONVERSION = YES;
				CLANG_WARN_OBJC_IMPLICIT_RETAIN_SELF = YES;
				CLANG_WARN_OBJC_LITERAL_CONVERSION = YES;
				CLANG_WARN_OBJC_ROOT_CLASS = YES_ERROR;
				CLANG_WARN_QUOTED_INCLUDE_IN_FRAMEWORK_HEADER = YES;
				CLANG_WARN_RANGE_LOOP_ANALYSIS = YES;
				CLANG_WARN_STRICT_PROTOTYPES = YES;
				CLANG_WARN_SUSPICIOUS_MOVE = YES;
				CLANG_WARN_UNGUARDED_AVAILABILITY = YES_AGGRESSIVE;
				CLANG_WARN_UNREACHABLE_CODE = YES;
				CLANG_WARN__DUPLICATE_METHOD_MATCH = YES;
				COPY_PHASE_STRIP = NO;
				DEBUG_INFORMATION_FORMAT = dwarf;
				DEVELOPMENT_TEAM = 74U2CH74U6;
				ENABLE_STRICT_OBJC_MSGSEND = YES;
				ENABLE_TESTABILITY = YES;
				ENABLE_USER_SCRIPT_SANDBOXING = YES;
				GCC_C_LANGUAGE_STANDARD = gnu17;
				GCC_DYNAMIC_NO_PIC = NO;
				GCC_NO_COMMON_BLOCKS = YES;
				GCC_OPTIMIZATION_LEVEL = 0;
				GCC_PREPROCESSOR_DEFINITIONS = (
					"DEBUG=1",
					"$(inherited)",
				);
				GCC_WARN_64_TO_32_BIT_CONVERSION = YES;
				GCC_WARN_ABOUT_RETURN_TYPE = YES_ERROR;
				GCC_WARN_UNDECLARED_SELECTOR = YES;
				GCC_WARN_UNINITIALIZED_AUTOS = YES_AGGRESSIVE;
				GCC_WARN_UNUSED_FUNCTION = YES;
				GCC_WARN_UNUSED_VARIABLE = YES;
				LOCALIZATION_PREFERS_STRING_CATALOGS = YES;
				MACOSX_DEPLOYMENT_TARGET = 15.5;
				MTL_ENABLE_DEBUG_INFO = INCLUDE_SOURCE;
				MTL_FAST_MATH = YES;
				ONLY_ACTIVE_ARCH = YES;
				SDKROOT = macosx;
				SWIFT_ACTIVE_COMPILATION_CONDITIONS = "DEBUG $(inherited)";
				SWIFT_OPTIMIZATION_LEVEL = "-Onone";
			};
			name = Debug;
		};
		BB136A702E35B92A008F000D /* Release */ = {
			isa = XCBuildConfiguration;
			buildSettings = {
				ALWAYS_SEARCH_USER_PATHS = NO;
				ASSETCATALOG_COMPILER_GENERATE_SWIFT_ASSET_SYMBOL_EXTENSIONS = YES;
				CLANG_ANALYZER_NONNULL = YES;
				CLANG_ANALYZER_NUMBER_OBJECT_CONVERSION = YES_AGGRESSIVE;
				CLANG_CXX_LANGUAGE_STANDARD = "gnu++20";
				CLANG_ENABLE_MODULES = YES;
				CLANG_ENABLE_OBJC_ARC = YES;
				CLANG_ENABLE_OBJC_WEAK = YES;
				CLANG_WARN_BLOCK_CAPTURE_AUTORELEASING = YES;
				CLANG_WARN_BOOL_CONVERSION = YES;
				CLANG_WARN_COMMA = YES;
				CLANG_WARN_CONSTANT_CONVERSION = YES;
				CLANG_WARN_DEPRECATED_OBJC_IMPLEMENTATIONS = YES;
				CLANG_WARN_DIRECT_OBJC_ISA_USAGE = YES_ERROR;
				CLANG_WARN_DOCUMENTATION_COMMENTS = YES;
				CLANG_WARN_EMPTY_BODY = YES;
				CLANG_WARN_ENUM_CONVERSION = YES;
				CLANG_WARN_INFINITE_RECURSION = YES;
				CLANG_WARN_INT_CONVERSION = YES;
				CLANG_WARN_NON_LITERAL_NULL_CONVERSION = YES;
				CLANG_WARN_OBJC_IMPLICIT_RETAIN_SELF = YES;
				CLANG_WARN_OBJC_LITERAL_CONVERSION = YES;
				CLANG_WARN_OBJC_ROOT_CLASS = YES_ERROR;
				CLANG_WARN_QUOTED_INCLUDE_IN_FRAMEWORK_HEADER = YES;
				CLANG_WARN_RANGE_LOOP_ANALYSIS = YES;
				CLANG_WARN_STRICT_PROTOTYPES = YES;
				CLANG_WARN_SUSPICIOUS_MOVE = YES;
				CLANG_WARN_UNGUARDED_AVAILABILITY = YES_AGGRESSIVE;
				CLANG_WARN_UNREACHABLE_CODE = YES;
				CLANG_WARN__DUPLICATE_METHOD_MATCH = YES;
				COPY_PHASE_STRIP = NO;
				DEBUG_INFORMATION_FORMAT = "dwarf-with-dsym";
				DEVELOPMENT_TEAM = 74U2CH74U6;
				ENABLE_NS_ASSERTIONS = NO;
				ENABLE_STRICT_OBJC_MSGSEND = YES;
				ENABLE_USER_SCRIPT_SANDBOXING = YES;
				GCC_C_LANGUAGE_STANDARD = gnu17;
				GCC_NO_COMMON_BLOCKS = YES;
				GCC_WARN_64_TO_32_BIT_CONVERSION = YES;
				GCC_WARN_ABOUT_RETURN_TYPE = YES_ERROR;
				GCC_WARN_UNDECLARED_SELECTOR = YES;
				GCC_WARN_UNINITIALIZED_AUTOS = YES_AGGRESSIVE;
				GCC_WARN_UNUSED_FUNCTION = YES;
				GCC_WARN_UNUSED_VARIABLE = YES;
				LOCALIZATION_PREFERS_STRING_CATALOGS = YES;
				MACOSX_DEPLOYMENT_TARGET = 15.5;
				MTL_ENABLE_DEBUG_INFO = NO;
				MTL_FAST_MATH = YES;
				SDKROOT = macosx;
				SWIFT_COMPILATION_MODE = wholemodule;
			};
			name = Release;
		};
		BB136A722E35B92A008F000D /* Debug */ = {
			isa = XCBuildConfiguration;
			buildSettings = {
				ASSETCATALOG_COMPILER_APPICON_NAME = AppIcon;
				ASSETCATALOG_COMPILER_GLOBAL_ACCENT_COLOR_NAME = AccentColor;
				CODE_SIGN_ENTITLEMENTS = SimpleLoader/SimpleLoader.entitlements;
				CODE_SIGN_IDENTITY = "Apple Development";
				CODE_SIGN_STYLE = Automatic;
				COMBINE_HIDPI_IMAGES = YES;
				CURRENT_PROJECT_VERSION = 1.0.0;
				DEVELOPMENT_TEAM = ER43ZD2S4U;
				ENABLE_HARDENED_RUNTIME = NO;
				ENABLE_PREVIEWS = YES;
				GENERATE_INFOPLIST_FILE = YES;
				INFOPLIST_KEY_CFBundleDisplayName = SimpleLoader;
				INFOPLIST_KEY_LSApplicationCategoryType = "public.app-category.developer-tools";
				INFOPLIST_KEY_NSHumanReadableCopyright = "Copyright © 2025 laobamac (王孝慈)";
				LD_RUNPATH_SEARCH_PATHS = (
					"$(inherited)",
					"@executable_path/../Frameworks",
				);
				MACOSX_DEPLOYMENT_TARGET = 11.0;
				MARKETING_VERSION = 1.0.0;
				PRODUCT_BUNDLE_IDENTIFIER = cn.laobamac.SimpleLoader;
				PRODUCT_NAME = "$(TARGET_NAME)";
				PROVISIONING_PROFILE_SPECIFIER = "";
				REGISTER_APP_GROUPS = YES;
				SWIFT_EMIT_LOC_STRINGS = YES;
				SWIFT_VERSION = 5.0;
			};
			name = Debug;
		};
		BB136A732E35B92A008F000D /* Release */ = {
			isa = XCBuildConfiguration;
			buildSettings = {
				ASSETCATALOG_COMPILER_APPICON_NAME = AppIcon;
				ASSETCATALOG_COMPILER_GLOBAL_ACCENT_COLOR_NAME = AccentColor;
				CODE_SIGN_ENTITLEMENTS = SimpleLoader/SimpleLoader.entitlements;
				CODE_SIGN_IDENTITY = "Apple Development";
				CODE_SIGN_STYLE = Automatic;
				COMBINE_HIDPI_IMAGES = YES;
				CURRENT_PROJECT_VERSION = 1.0.0;
				DEVELOPMENT_TEAM = ER43ZD2S4U;
				ENABLE_HARDENED_RUNTIME = NO;
				ENABLE_PREVIEWS = YES;
				GENERATE_INFOPLIST_FILE = YES;
				INFOPLIST_KEY_CFBundleDisplayName = SimpleLoader;
				INFOPLIST_KEY_LSApplicationCategoryType = "public.app-category.developer-tools";
				INFOPLIST_KEY_NSHumanReadableCopyright = "Copyright © 2025 laobamac (王孝慈)";
				LD_RUNPATH_SEARCH_PATHS = (
					"$(inherited)",
					"@executable_path/../Frameworks",
				);
				MACOSX_DEPLOYMENT_TARGET = 11.0;
				MARKETING_VERSION = 1.0.0;
				PRODUCT_BUNDLE_IDENTIFIER = cn.laobamac.SimpleLoader;
				PRODUCT_NAME = "$(TARGET_NAME)";
				PROVISIONING_PROFILE_SPECIFIER = "";
				REGISTER_APP_GROUPS = YES;
				SWIFT_EMIT_LOC_STRINGS = YES;
				SWIFT_VERSION = 5.0;
			};
			name = Release;
		};
/* End XCBuildConfiguration section */

/* Begin XCConfigurationList section */
		BB136A4A2E35B928008F000D /* Build configuration list for PBXProject "SimpleLoader" */ = {
			isa = XCConfigurationList;
			buildConfigurations = (
				BB136A6F2E35B92A008F000D /* Debug */,
				BB136A702E35B92A008F000D /* Release */,
			);
			defaultConfigurationIsVisible = 0;
			defaultConfigurationName = Release;
		};
		BB136A712E35B92A008F000D /* Build configuration list for PBXNativeTarget "SimpleLoader" */ = {
			isa = XCConfigurationList;
			buildConfigurations = (
				BB136A722E35B92A008F000D /* Debug */,
				BB136A732E35B92A008F000D /* Release */,
			);
			defaultConfigurationIsVisible = 0;
			defaultConfigurationName = Release;
		};
/* End XCConfigurationList section */
	};
	rootObject = BB136A472E35B928008F000D /* Project object */;
}
